
Microsoft Visual Studio Solution File, Format Version 12.00
# Visual Studio Version 16
VisualStudioVersion = 16.0.31911.196
MinimumVisualStudioVersion = 10.0.40219.1
Project("{FAE04EC0-301F-11D3-BF4B-00C04F79EFBC}") = "01. Numbers Ending in 7", "01. Numbers Ending in 7\01. Numbers Ending in 7.csproj", "{C554E661-3AD6-4803-940C-8FC4A2A0691F}"
EndProject
Project("{FAE04EC0-301F-11D3-BF4B-00C04F79EFBC}") = "02. Half Sum Element", "02. Half Sum Element\02. Half Sum Element.csproj", "{01A19B68-F082-4C76-B3DF-F9FCC56D9A9A}"
EndProject
Project("{FAE04EC0-301F-11D3-BF4B-00C04F79EFBC}") = "03. Histogram", "03. Histogram\03. Histogram.csproj", "{93813AF1-1FFA-4A17-A6EB-9AE72B791149}"
EndProject
Project("{FAE04EC0-301F-11D3-BF4B-00C04F79EFBC}") = "04. Clever Lily", "04. Clever Lily\04. Clever Lily.csproj", "{E5F0704D-C4E1-4779-B146-051F092F2021}"
EndProject
Project("{FAE04EC0-301F-11D3-BF4B-00C04F79EFBC}") = "05. Salary", "05. Salary\05. Salary.csproj", "{2CBCDC5B-724A-4995-A332-415A8C63DEC5}"
EndProject
Project("{FAE04EC0-301F-11D3-BF4B-00C04F79EFBC}") = "06. Oscars", "06. Oscars\06. Oscars.csproj", "{64F295A8-6547-44D6-A22E-154C87FAEFC1}"
EndProject
Project("{FAE04EC0-301F-11D3-BF4B-00C04F79EFBC}") = "07. Trekking Mania", "07. Trekking Mania\07. Trekking Mania.csproj", "{955B41C4-3E88-4CA2-B34A-21D0E8107F42}"
EndProject
Project("{FAE04EC0-301F-11D3-BF4B-00C04F79EFBC}") = "08. Tennis Ranklist", "08. Tennis Ranklist\08. Tennis Ranklist.csproj", "{391FD96D-0CB3-460F-82C4-4C530E80B9E3}"
EndProject
Global
	GlobalSection(SolutionConfigurationPlatforms) = preSolution
		Debug|Any CPU = Debug|Any CPU
		Release|Any CPU = Release|Any CPU
	EndGlobalSection
	GlobalSection(ProjectConfigurationPlatforms) = postSolution
		{C554E661-3AD6-4803-940C-8FC4A2A0691F}.Debug|Any CPU.ActiveCfg = Debug|Any CPU
		{C554E661-3AD6-4803-940C-8FC4A2A0691F}.Debug|Any CPU.Build.0 = Debug|Any CPU
		{C554E661-3AD6-4803-940C-8FC4A2A0691F}.Release|Any CPU.ActiveCfg = Release|Any CPU
		{C554E661-3AD6-4803-940C-8FC4A2A0691F}.Release|Any CPU.Build.0 = Release|Any CPU
		{01A19B68-F082-4C76-B3DF-F9FCC56D9A9A}.Debug|Any CPU.ActiveCfg = Debug|Any CPU
		{01A19B68-F082-4C76-B3DF-F9FCC56D9A9A}.Debug|Any CPU.Build.0 = Debug|Any CPU
		{01A19B68-F082-4C76-B3DF-F9FCC56D9A9A}.Release|Any CPU.ActiveCfg = Release|Any CPU
		{01A19B68-F082-4C76-B3DF-F9FCC56D9A9A}.Release|Any CPU.Build.0 = Release|Any CPU
		{93813AF1-1FFA-4A17-A6EB-9AE72B791149}.Debug|Any CPU.ActiveCfg = Debug|Any CPU
		{93813AF1-1FFA-4A17-A6EB-9AE72B791149}.Debug|Any CPU.Build.0 = Debug|Any CPU
		{93813AF1-1FFA-4A17-A6EB-9AE72B791149}.Release|Any CPU.ActiveCfg = Release|Any CPU
		{93813AF1-1FFA-4A17-A6EB-9AE72B791149}.Release|Any CPU.Build.0 = Release|Any CPU
		{E5F0704D-C4E1-4779-B146-051F092F2021}.Debug|Any CPU.ActiveCfg = Debug|Any CPU
		{E5F0704D-C4E1-4779-B146-051F092F2021}.Debug|Any CPU.Build.0 = Debug|Any CPU
		{E5F0704D-C4E1-4779-B146-051F092F2021}.Release|Any CPU.ActiveCfg = Release|Any CPU
		{E5F0704D-C4E1-4779-B146-051F092F2021}.Release|Any CPU.Build.0 = Release|Any CPU
		{2CBCDC5B-724A-4995-A332-415A8C63DEC5}.Debug|Any CPU.ActiveCfg = Debug|Any CPU
		{2CBCDC5B-724A-4995-A332-415A8C63DEC5}.Debug|Any CPU.Build.0 = Debug|Any CPU
		{2CBCDC5B-724A-4995-A332-415A8C63DEC5}.Release|Any CPU.ActiveCfg = Release|Any CPU
		{2CBCDC5B-724A-4995-A332-415A8C63DEC5}.Release|Any CPU.Build.0 = Release|Any CPU
		{64F295A8-6547-44D6-A22E-154C87FAEFC1}.Debug|Any CPU.ActiveCfg = Debug|Any CPU
		{64F295A8-6547-44D6-A22E-154C87FAEFC1}.Debug|Any CPU.Build.0 = Debug|Any CPU
		{64F295A8-6547-44D6-A22E-154C87FAEFC1}.Release|Any CPU.ActiveCfg = Release|Any CPU
		{64F295A8-6547-44D6-A22E-154C87FAEFC1}.Release|Any CPU.Build.0 = Release|Any CPU
		{955B41C4-3E88-4CA2-B34A-21D0E8107F42}.Debug|Any CPU.ActiveCfg = Debug|Any CPU
		{955B41C4-3E88-4CA2-B34A-21D0E8107F42}.Debug|Any CPU.Build.0 = Debug|Any CPU
		{955B41C4-3E88-4CA2-B34A-21D0E8107F42}.Release|Any CPU.ActiveCfg = Release|Any CPU
		{955B41C4-3E88-4CA2-B34A-21D0E8107F42}.Release|Any CPU.Build.0 = Release|Any CPU
		{391FD96D-0CB3-460F-82C4-4C530E80B9E3}.Debug|Any CPU.ActiveCfg = Debug|Any CPU
		{391FD96D-0CB3-460F-82C4-4C530E80B9E3}.Debug|Any CPU.Build.0 = Debug|Any CPU
		{391FD96D-0CB3-460F-82C4-4C530E80B9E3}.Release|Any CPU.ActiveCfg = Release|Any CPU
		{391FD96D-0CB3-460F-82C4-4C530E80B9E3}.Release|Any CPU.Build.0 = Release|Any CPU
	EndGlobalSection
	GlobalSection(SolutionProperties) = preSolution
		HideSolutionNode = FALSE
	EndGlobalSection
	GlobalSection(ExtensibilityGlobals) = postSolution
		SolutionGuid = {19E886DB-223D-47D2-B893-B8DDCBCE8EEB}
	EndGlobalSection
EndGlobal
